
Microsoft Visual Studio Solution File, Format Version 12.00
Project("{2150E333-8FDC-42A3-9474-1A3956D46DE8}") = "src", "src", "{A6F285A4-4D7A-40F2-B929-184A5849C60A}"
EndProject
Project("{FAE04EC0-301F-11D3-BF4B-00C04F79EFBC}") = "Proxima.Utilities.Disposables", "src\Proxima.Utilities.Disposables\Proxima.Utilities.Disposables.csproj", "{AE5B936B-283B-4782-B453-5C18F927B53C}"
EndProject
Project("{2150E333-8FDC-42A3-9474-1A3956D46DE8}") = "tests", "tests", "{D7CCA5F7-44C1-4F88-BF3C-3FD10228CAD7}"
EndProject
Project("{FAE04EC0-301F-11D3-BF4B-00C04F79EFBC}") = "Proxima.Utilities.Disposables.Tests", "tests\Proxima.Utilities.Disposables.Tests\Proxima.Utilities.Disposables.Tests.csproj", "{74B2B1C6-B9E8-4825-AF5E-8F1F5DA99133}"
EndProject
Global
	GlobalSection(SolutionConfigurationPlatforms) = preSolution
		Debug|Any CPU = Debug|Any CPU
		Release|Any CPU = Release|Any CPU
	EndGlobalSection
	GlobalSection(NestedProjects) = preSolution
		{AE5B936B-283B-4782-B453-5C18F927B53C} = {A6F285A4-4D7A-40F2-B929-184A5849C60A}
		{74B2B1C6-B9E8-4825-AF5E-8F1F5DA99133} = {D7CCA5F7-44C1-4F88-BF3C-3FD10228CAD7}
	EndGlobalSection
	GlobalSection(ProjectConfigurationPlatforms) = postSolution
		{AE5B936B-283B-4782-B453-5C18F927B53C}.Debug|Any CPU.ActiveCfg = Debug|Any CPU
		{AE5B936B-283B-4782-B453-5C18F927B53C}.Debug|Any CPU.Build.0 = Debug|Any CPU
		{AE5B936B-283B-4782-B453-5C18F927B53C}.Release|Any CPU.ActiveCfg = Release|Any CPU
		{AE5B936B-283B-4782-B453-5C18F927B53C}.Release|Any CPU.Build.0 = Release|Any CPU
		{74B2B1C6-B9E8-4825-AF5E-8F1F5DA99133}.Debug|Any CPU.ActiveCfg = Debug|Any CPU
		{74B2B1C6-B9E8-4825-AF5E-8F1F5DA99133}.Debug|Any CPU.Build.0 = Debug|Any CPU
		{74B2B1C6-B9E8-4825-AF5E-8F1F5DA99133}.Release|Any CPU.ActiveCfg = Release|Any CPU
		{74B2B1C6-B9E8-4825-AF5E-8F1F5DA99133}.Release|Any CPU.Build.0 = Release|Any CPU
	EndGlobalSection
EndGlobal
